<?xml version="1.0" encoding="utf-8"?>
<Project ToolsVersion="4.0" xmlns="http://schemas.microsoft.com/developer/msbuild/2003">
  <ItemGroup>
    <Filter Include="GLAPI">
      <UniqueIdentifier>{D2972E0D-3EAC-56BE-072E-FA1D730153EF}</UniqueIdentifier>
    </Filter>
    <Filter Include="GLAPI\ThirdParty">
      <UniqueIdentifier>{4CA9C1A7-38A2-E0F9-61D4-C57E4D2CC005}</UniqueIdentifier>
    </Filter>
    <Filter Include="GLAPI\ThirdParty\stb">
      <UniqueIdentifier>{A42DE997-90BC-7261-39DB-865C25498307}</UniqueIdentifier>
    </Filter>
    <Filter Include="Log">
      <UniqueIdentifier>{E704880B-530E-887C-DC89-9E7C4892937C}</UniqueIdentifier>
    </Filter>
    <Filter Include="Renderer">
      <UniqueIdentifier>{7CCE658F-689B-C09A-91B4-AE427DE0F528}</UniqueIdentifier>
    </Filter>
    <Filter Include="UI">
      <UniqueIdentifier>{83755900-6F01-880B-D8AF-880BC45A880B}</UniqueIdentifier>
    </Filter>
    <Filter Include="Util">
      <UniqueIdentifier>{23A78D7C-0FDE-8E0D-B8CA-7410A4E00A0F}</UniqueIdentifier>
    </Filter>
    <Filter Include="imgui-docking">
      <UniqueIdentifier>{6C503BBE-D810-B7F4-A14B-00720DCBFBD0}</UniqueIdentifier>
    </Filter>
  </ItemGroup>
  <ItemGroup>
    <ClInclude Include="src\Core.hpp" />
    <ClInclude Include="src\GLAPI\GLapi.hpp">
      <Filter>GLAPI</Filter>
    </ClInclude>
    <ClInclude Include="src\GLAPI\GLapi_ComputeShader.hpp">
      <Filter>GLAPI</Filter>
    </ClInclude>
    <ClInclude Include="src\GLAPI\GLapi_CubeDepthMap.hpp">
      <Filter>GLAPI</Filter>
    </ClInclude>
    <ClInclude Include="src\GLAPI\GLapi_EquirectangularMap.h">
      <Filter>GLAPI</Filter>
    </ClInclude>
    <ClInclude Include="src\GLAPI\GLapi_Framebuffer.hpp">
      <Filter>GLAPI</Filter>
    </ClInclude>
    <ClInclude Include="src\GLAPI\GLapi_GLerror.h">
      <Filter>GLAPI</Filter>
    </ClInclude>
    <ClInclude Include="src\GLAPI\GLapi_IndexBuffer.hpp">
      <Filter>GLAPI</Filter>
    </ClInclude>
    <ClInclude Include="src\GLAPI\GLapi_Mesh.hpp">
      <Filter>GLAPI</Filter>
    </ClInclude>
    <ClInclude Include="src\GLAPI\GLapi_Shader.hpp">
      <Filter>GLAPI</Filter>
    </ClInclude>
    <ClInclude Include="src\GLAPI\GLapi_Texture.hpp">
      <Filter>GLAPI</Filter>
    </ClInclude>
    <ClInclude Include="src\GLAPI\GLapi_Vertex.hpp">
      <Filter>GLAPI</Filter>
    </ClInclude>
    <ClInclude Include="src\GLAPI\GLapi_VertexBuffer.hpp">
      <Filter>GLAPI</Filter>
    </ClInclude>
    <ClInclude Include="src\GLAPI\ThirdParty\OBJ_Loader.h">
      <Filter>GLAPI\ThirdParty</Filter>
    </ClInclude>
    <ClInclude Include="src\GLAPI\ThirdParty\stb\stb_image.h">
      <Filter>GLAPI\ThirdParty\stb</Filter>
    </ClInclude>
    <ClInclude Include="src\GLAPI\ThirdParty\stb\stb_image_write.h">
      <Filter>GLAPI\ThirdParty\stb</Filter>
    </ClInclude>
    <ClInclude Include="src\Log\RT_Log.hpp">
      <Filter>Log</Filter>
    </ClInclude>
    <ClInclude Include="src\Renderer\RT_Camera.hpp">
      <Filter>Renderer</Filter>
    </ClInclude>
    <ClInclude Include="src\Renderer\RT_Material.hpp">
      <Filter>Renderer</Filter>
    </ClInclude>
    <ClInclude Include="src\Renderer\RT_Object.hpp">
      <Filter>Renderer</Filter>
    </ClInclude>
    <ClInclude Include="src\Renderer\RT_Renderer.hpp">
      <Filter>Renderer</Filter>
    </ClInclude>
    <ClInclude Include="src\UI\GUI.hpp">
      <Filter>UI</Filter>
    </ClInclude>
    <ClInclude Include="src\UI\RT_Window.hpp">
      <Filter>UI</Filter>
    </ClInclude>
    <ClInclude Include="src\Util\FileDialog.hpp">
      <Filter>Util</Filter>
    </ClInclude>
    <ClInclude Include="src\imgui-docking\ImCurveEdit.h">
      <Filter>imgui-docking</Filter>
    </ClInclude>
    <ClInclude Include="src\imgui-docking\ImGradient.h">
      <Filter>imgui-docking</Filter>
    </ClInclude>
    <ClInclude Include="src\imgui-docking\ImGuizmo.h">
      <Filter>imgui-docking</Filter>
    </ClInclude>
    <ClInclude Include="src\imgui-docking\ImSequencer.h">
      <Filter>imgui-docking</Filter>
    </ClInclude>
    <ClInclude Include="src\imgui-docking\imconfig.h">
      <Filter>imgui-docking</Filter>
    </ClInclude>
    <ClInclude Include="src\imgui-docking\imgui.h">
      <Filter>imgui-docking</Filter>
    </ClInclude>
    <ClInclude Include="src\imgui-docking\imgui_impl_glfw.h">
      <Filter>imgui-docking</Filter>
    </ClInclude>
    <ClInclude Include="src\imgui-docking\imgui_impl_opengl3.h">
      <Filter>imgui-docking</Filter>
    </ClInclude>
    <ClInclude Include="src\imgui-docking\imgui_impl_opengl3_loader.h">
      <Filter>imgui-docking</Filter>
    </ClInclude>
    <ClInclude Include="src\imgui-docking\imgui_internal.h">
      <Filter>imgui-docking</Filter>
    </ClInclude>
    <ClInclude Include="src\imgui-docking\imstb_rectpack.h">
      <Filter>imgui-docking</Filter>
    </ClInclude>
    <ClInclude Include="src\imgui-docking\imstb_textedit.h">
      <Filter>imgui-docking</Filter>
    </ClInclude>
    <ClInclude Include="src\imgui-docking\imstb_truetype.h">
      <Filter>imgui-docking</Filter>
    </ClInclude>
  </ItemGroup>
  <ItemGroup>
    <ClCompile Include="src\GLAPI\GLapi_ComputeShader.cpp">
      <Filter>GLAPI</Filter>
    </ClCompile>
    <ClCompile Include="src\GLAPI\GLapi_CubeDepthMap.cpp">
      <Filter>GLAPI</Filter>
    </ClCompile>
    <ClCompile Include="src\GLAPI\GLapi_EquirectangularMap.cpp">
      <Filter>GLAPI</Filter>
    </ClCompile>
    <ClCompile Include="src\GLAPI\GLapi_Framebuffer.cpp">
      <Filter>GLAPI</Filter>
    </ClCompile>
    <ClCompile Include="src\GLAPI\GLapi_IndexBuffer.cpp">
      <Filter>GLAPI</Filter>
    </ClCompile>
    <ClCompile Include="src\GLAPI\GLapi_Mesh.cpp">
      <Filter>GLAPI</Filter>
    </ClCompile>
    <ClCompile Include="src\GLAPI\GLapi_Shader.cpp">
      <Filter>GLAPI</Filter>
    </ClCompile>
    <ClCompile Include="src\GLAPI\GLapi_Texture.cpp">
      <Filter>GLAPI</Filter>
    </ClCompile>
    <ClCompile Include="src\GLAPI\GLapi_VertexBuffer.cpp">
      <Filter>GLAPI</Filter>
    </ClCompile>
    <ClCompile Include="src\Main.cpp" />
    <ClCompile Include="src\Renderer\RT_Camera.cpp">
      <Filter>Renderer</Filter>
    </ClCompile>
    <ClCompile Include="src\Renderer\RT_Object.cpp">
      <Filter>Renderer</Filter>
    </ClCompile>
    <ClCompile Include="src\UI\RT_Window.cpp">
      <Filter>UI</Filter>
    </ClCompile>
    <ClCompile Include="src\imgui-docking\ImCurveEdit.cpp">
      <Filter>imgui-docking</Filter>
    </ClCompile>
    <ClCompile Include="src\imgui-docking\ImGradient.cpp">
      <Filter>imgui-docking</Filter>
    </ClCompile>
    <ClCompile Include="src\imgui-docking\ImGuizmo.cpp">
      <Filter>imgui-docking</Filter>
    </ClCompile>
    <ClCompile Include="src\imgui-docking\ImSequencer.cpp">
      <Filter>imgui-docking</Filter>
    </ClCompile>
    <ClCompile Include="src\imgui-docking\imgui.cpp">
      <Filter>imgui-docking</Filter>
    </ClCompile>
    <ClCompile Include="src\imgui-docking\imgui_demo.cpp">
      <Filter>imgui-docking</Filter>
    </ClCompile>
    <ClCompile Include="src\imgui-docking\imgui_draw.cpp">
      <Filter>imgui-docking</Filter>
    </ClCompile>
    <ClCompile Include="src\imgui-docking\imgui_impl_glfw.cpp">
      <Filter>imgui-docking</Filter>
    </ClCompile>
    <ClCompile Include="src\imgui-docking\imgui_impl_opengl3.cpp">
      <Filter>imgui-docking</Filter>
    </ClCompile>
    <ClCompile Include="src\imgui-docking\imgui_tables.cpp">
      <Filter>imgui-docking</Filter>
    </ClCompile>
    <ClCompile Include="src\imgui-docking\imgui_widgets.cpp">
      <Filter>imgui-docking</Filter>
    </ClCompile>
  </ItemGroup>
</Project>